// !$*UTF8*$!
{
	archiveVersion = 1;
	classes = {
	};
	objectVersion = 46;
	objects = {

/* Begin PBXBuildFile section */
		8C19AC301CE61EF700A576A9 /* DatePickerViewController.swift in Sources */ = {isa = PBXBuildFile; fileRef = 8C19AC2F1CE61EF700A576A9 /* DatePickerViewController.swift */; };
		8C2566AB1CE4F99400275241 /* AppDelegate.swift in Sources */ = {isa = PBXBuildFile; fileRef = 8C2566AA1CE4F99400275241 /* AppDelegate.swift */; };
		8C2566AD1CE4F99400275241 /* ViewController.swift in Sources */ = {isa = PBXBuildFile; fileRef = 8C2566AC1CE4F99400275241 /* ViewController.swift */; };
		8C2566B21CE4F99400275241 /* Assets.xcassets in Resources */ = {isa = PBXBuildFile; fileRef = 8C2566B11CE4F99400275241 /* Assets.xcassets */; };
		8C2566B51CE4F99400275241 /* LaunchScreen.storyboard in Resources */ = {isa = PBXBuildFile; fileRef = 8C2566B31CE4F99400275241 /* LaunchScreen.storyboard */; };
		8C2566BD1CE4F9B200275241 /* digital-7.ttf in Resources */ = {isa = PBXBuildFile; fileRef = 8C2566BC1CE4F9B200275241 /* digital-7.ttf */; };
		8C2566BF1CE5062200275241 /* Main.storyboard in Resources */ = {isa = PBXBuildFile; fileRef = 8C2566BE1CE5062200275241 /* Main.storyboard */; };
/* End PBXBuildFile section */

/* Begin PBXFileReference section */
		8C19AC2F1CE61EF700A576A9 /* DatePickerViewController.swift */ = {isa = PBXFileReference; fileEncoding = 4; lastKnownFileType = sourcecode.swift; path = DatePickerViewController.swift; sourceTree = "<group>"; };
		8C2566A71CE4F99400275241 /* SwiftlyOutaTime.temp_caseinsensitive_rename.app */ = {isa = PBXFileReference; explicitFileType = wrapper.application; includeInIndex = 0; path = SwiftlyOutaTime.temp_caseinsensitive_rename.app; sourceTree = BUILT_PRODUCTS_DIR; };
		8C2566AA1CE4F99400275241 /* AppDelegate.swift */ = {isa = PBXFileReference; lastKnownFileType = sourcecode.swift; path = AppDelegate.swift; sourceTree = "<group>"; };
		8C2566AC1CE4F99400275241 /* ViewController.swift */ = {isa = PBXFileReference; lastKnownFileType = sourcecode.swift; path = ViewController.swift; sourceTree = "<group>"; };
		8C2566B11CE4F99400275241 /* Assets.xcassets */ = {isa = PBXFileReference; lastKnownFileType = folder.assetcatalog; path = Assets.xcassets; sourceTree = "<group>"; };
		8C2566B41CE4F99400275241 /* Base */ = {isa = PBXFileReference; lastKnownFileType = file.storyboard; name = Base; path = Base.lproj/LaunchScreen.storyboard; sourceTree = "<group>"; };
		8C2566B61CE4F99400275241 /* Info.plist */ = {isa = PBXFileReference; lastKnownFileType = text.plist.xml; path = Info.plist; sourceTree = "<group>"; };
		8C2566BC1CE4F9B200275241 /* digital-7.ttf */ = {isa = PBXFileReference; lastKnownFileType = file; name = "digital-7.ttf"; path = "../digital-7.ttf"; sourceTree = "<group>"; };
		8C2566BE1CE5062200275241 /* Main.storyboard */ = {isa = PBXFileReference; fileEncoding = 4; lastKnownFileType = file.storyboard; name = Main.storyboard; path = ../Main.storyboard; sourceTree = "<group>"; };
/* End PBXFileReference section */

/* Begin PBXFrameworksBuildPhase section */
		8C2566A41CE4F99400275241 /* Frameworks */ = {
			isa = PBXFrameworksBuildPhase;
			buildActionMask = 2147483647;
			files = (
			);
			runOnlyForDeploymentPostprocessing = 0;
		};
/* End PBXFrameworksBuildPhase section */

/* Begin PBXGroup section */
		8C25669E1CE4F99300275241 = {
			isa = PBXGroup;
			children = (
				8C2566A91CE4F99400275241 /* SwiftlyOutaTime */,
				8C2566A81CE4F99400275241 /* Products */,
			);
			sourceTree = "<group>";
		};
		8C2566A81CE4F99400275241 /* Products */ = {
			isa = PBXGroup;
			children = (
				8C2566A71CE4F99400275241 /* SwiftlyOutaTime.temp_caseinsensitive_rename.app */,
			);
			name = Products;
			sourceTree = "<group>";
		};
		8C2566A91CE4F99400275241 /* SwiftlyOutaTime */ = {
			isa = PBXGroup;
			children = (
				8C2566AA1CE4F99400275241 /* AppDelegate.swift */,
				8C2566AC1CE4F99400275241 /* ViewController.swift */,
				8C19AC2F1CE61EF700A576A9 /* DatePickerViewController.swift */,
				8C2566B11CE4F99400275241 /* Assets.xcassets */,
				8C2566B31CE4F99400275241 /* LaunchScreen.storyboard */,
				8C2566BE1CE5062200275241 /* Main.storyboard */,
				8C2566B61CE4F99400275241 /* Info.plist */,
				8C2566BC1CE4F9B200275241 /* digital-7.ttf */,
			);
			path = SwiftlyOutaTime;
			sourceTree = "<group>";
		};
/* End PBXGroup section */

/* Begin PBXNativeTarget section */
		8C2566A61CE4F99400275241 /* SwiftlyOutaTime */ = {
			isa = PBXNativeTarget;
			buildConfigurationList = 8C2566B91CE4F99400275241 /* Build configuration list for PBXNativeTarget "SwiftlyOutaTime" */;
			buildPhases = (
				8C2566A31CE4F99400275241 /* Sources */,
				8C2566A41CE4F99400275241 /* Frameworks */,
				8C2566A51CE4F99400275241 /* Resources */,
			);
			buildRules = (
			);
			dependencies = (
			);
			name = SwiftlyOutaTime;
			productName = SwiftlyOutaTime;
			productReference = 8C2566A71CE4F99400275241 /* SwiftlyOutaTime.temp_caseinsensitive_rename.app */;
			productType = "com.apple.product-type.application";
		};
/* End PBXNativeTarget section */

/* Begin PBXProject section */
		8C25669F1CE4F99300275241 /* Project object */ = {
			isa = PBXProject;
			attributes = {
				LastSwiftUpdateCheck = 0730;
				LastUpgradeCheck = 0730;
				ORGANIZATIONNAME = "Nick Perkins";
				TargetAttributes = {
					8C2566A61CE4F99400275241 = {
						CreatedOnToolsVersion = 7.3;
						DevelopmentTeam = N9X5Q7FUAG;
					};
				};
			};
			buildConfigurationList = 8C2566A21CE4F99300275241 /* Build configuration list for PBXProject "SwiftlyOutaTime" */;
			compatibilityVersion = "Xcode 3.2";
			developmentRegion = English;
			hasScannedForEncodings = 0;
			knownRegions = (
				en,
				Base,
			);
			mainGroup = 8C25669E1CE4F99300275241;
			productRefGroup = 8C2566A81CE4F99400275241 /* Products */;
			projectDirPath = "";
			projectRoot = "";
			targets = (
				8C2566A61CE4F99400275241 /* SwiftlyOutaTime */,
			);
		};
/* End PBXProject section */

/* Begin PBXResourcesBuildPhase section */
		8C2566A51CE4F99400275241 /* Resources */ = {
			isa = PBXResourcesBuildPhase;
			buildActionMask = 2147483647;
			files = (
				8C2566B51CE4F99400275241 /* LaunchScreen.storyboard in Resources */,
				8C2566B21CE4F99400275241 /* Assets.xcassets in Resources */,
				8C2566BD1CE4F9B200275241 /* digital-7.ttf in Resources */,
				8C2566BF1CE5062200275241 /* Main.storyboard in Resources */,
			);
			runOnlyForDeploymentPostprocessing = 0;
		};
/* End PBXResourcesBuildPhase section */

/* Begin PBXSourcesBuildPhase section */
		8C2566A31CE4F99400275241 /* Sources */ = {
			isa = PBXSourcesBuildPhase;
			buildActionMask = 2147483647;
			files = (
				8C2566AD1CE4F99400275241 /* ViewController.swift in Sources */,
				8C2566AB1CE4F99400275241 /* AppDelegate.swift in Sources */,
				8C19AC301CE61EF700A576A9 /* DatePickerViewController.swift in Sources */,
			);
			runOnlyForDeploymentPostprocessing = 0;
		};
/* End PBXSourcesBuildPhase section */

/* Begin PBXVariantGroup section */
		8C2566B31CE4F99400275241 /* LaunchScreen.storyboard */ = {
			isa = PBXVariantGroup;
			children = (
				8C2566B41CE4F99400275241 /* Base */,
			);
			name = LaunchScreen.storyboard;
			sourceTree = "<group>";
		};
/* End PBXVariantGroup section */

/* Begin XCBuildConfiguration section */
		8C2566B71CE4F99400275241 /* Debug */ = {
			isa = XCBuildConfiguration;
			buildSettings = {
				ALWAYS_SEARCH_USER_PATHS = NO;
				CLANG_ANALYZER_NONNULL = YES;
				CLANG_CXX_LANGUAGE_STANDARD = "gnu++0x";
				CLANG_CXX_LIBRARY = "libc++";
				CLANG_ENABLE_MODULES = YES;
				CLANG_ENABLE_OBJC_ARC = YES;
				CLANG_WARN_BOOL_CONVERSION = YES;
				CLANG_WARN_CONSTANT_CONVERSION = YES;
				CLANG_WARN_DIRECT_OBJC_ISA_USAGE = YES_ERROR;
				CLANG_WARN_EMPTY_BODY = YES;
				CLANG_WARN_ENUM_CONVERSION = YES;
				CLANG_WARN_INT_CONVERSION = YES;
				CLANG_WARN_OBJC_ROOT_CLASS = YES_ERROR;
				CLANG_WARN_UNREACHABLE_CODE = YES;
				CLANG_WARN__DUPLICATE_METHOD_MATCH = YES;
				"CODE_SIGN_IDENTITY[sdk=iphoneos*]" = "iPhone Developer";
				COPY_PHASE_STRIP = NO;
				DEBUG_INFORMATION_FORMAT = dwarf;
				ENABLE_STRICT_OBJC_MSGSEND = YES;
				ENABLE_TESTABILITY = YES;
				GCC_C_LANGUAGE_STANDARD = gnu99;
				GCC_DYNAMIC_NO_PIC = NO;
				GCC_NO_COMMON_BLOCKS = YES;
				GCC_OPTIMIZATION_LEVEL = 0;
				GCC_PREPROCESSOR_DEFINITIONS = (
					"DEBUG=1",
					"$(inherited)",
				);
				GCC_WARN_64_TO_32_BIT_CONVERSION = YES;
				GCC_WARN_ABOUT_RETURN_TYPE = YES_ERROR;
				GCC_WARN_UNDECLARED_SELECTOR = YES;
				GCC_WARN_UNINITIALIZED_AUTOS = YES_AGGRESSIVE;
				GCC_WARN_UNUSED_FUNCTION = YES;
				GCC_WARN_UNUSED_VARIABLE = YES;
				IPHONEOS_DEPLOYMENT_TARGET = 9.3;
				MTL_ENABLE_DEBUG_INFO = YES;
				ONLY_ACTIVE_ARCH = YES;
				SDKROOT = iphoneos;
				SWIFT_OPTIMIZATION_LEVEL = "-Onone";
				TARGETED_DEVICE_FAMILY = "1,2";
			};
			name = Debug;
		};
		8C2566B81CE4F99400275241 /* Release */ = {
			isa = XCBuildConfiguration;
			buildSettings = {
				ALWAYS_SEARCH_USER_PATHS = NO;
				CLANG_ANALYZER_NONNULL = YES;
				CLANG_CXX_LANGUAGE_STANDARD = "gnu++0x";
				CLANG_CXX_LIBRARY = "libc++";
				CLANG_ENABLE_MODULES = YES;
				CLANG_ENABLE_OBJC_ARC = YES;
				CLANG_WARN_BOOL_CONVERSION = YES;
				CLANG_WARN_CONSTANT_CONVERSION = YES;
				CLANG_WARN_DIRECT_OBJC_ISA_USAGE = YES_ERROR;
				CLANG_WARN_EMPTY_BODY = YES;
				CLANG_WARN_ENUM_CONVERSION = YES;
				CLANG_WARN_INT_CONVERSION = YES;
				CLANG_WARN_OBJC_ROOT_CLASS = YES_ERROR;
				CLANG_WARN_UNREACHABLE_CODE = YES;
				CLANG_WARN__DUPLICATE_METHOD_MATCH = YES;
				"CODE_SIGN_IDENTITY[sdk=iphoneos*]" = "iPhone Developer";
				COPY_PHASE_STRIP = NO;
				DEBUG_INFORMATION_FORMAT = "dwarf-with-dsym";
				ENABLE_NS_ASSERTIONS = NO;
				ENABLE_STRICT_OBJC_MSGSEND = YES;
				GCC_C_LANGUAGE_STANDARD = gnu99;
				GCC_NO_COMMON_BLOCKS = YES;
				GCC_WARN_64_TO_32_BIT_CONVERSION = YES;
				GCC_WARN_ABOUT_RETURN_TYPE = YES_ERROR;
				GCC_WARN_UNDECLARED_SELECTOR = YES;
				GCC_WARN_UNINITIALIZED_AUTOS = YES_AGGRESSIVE;
				GCC_WARN_UNUSED_FUNCTION = YES;
				GCC_WARN_UNUSED_VARIABLE = YES;
				IPHONEOS_DEPLOYMENT_TARGET = 9.3;
				MTL_ENABLE_DEBUG_INFO = NO;
				SDKROOT = iphoneos;
				TARGETED_DEVICE_FAMILY = "1,2";
				VALIDATE_PRODUCT = YES;
			};
			name = Release;
		};
		8C2566BA1CE4F99400275241 /* Debug */ = {
			isa = XCBuildConfiguration;
			buildSettings = {
				ASSETCATALOG_COMPILER_APPICON_NAME = AppIcon;
				INFOPLIST_FILE = SwiftlyOutaTime/Info.plist;
				LD_RUNPATH_SEARCH_PATHS = "$(inherited) @executable_path/Frameworks";
				PRODUCT_BUNDLE_IDENTIFIER = nickperkins.SwiftlyOutaTime;
				PRODUCT_NAME = SwiftlyOutaTime.temp_caseinsensitive_rename;
			};
			name = Debug;
		};
		8C2566BB1CE4F99400275241 /* Release */ = {
			isa = XCBuildConfiguration;
			buildSettings = {
				ASSETCATALOG_COMPILER_APPICON_NAME = AppIcon;
				INFOPLIST_FILE = SwiftlyOutaTime/Info.plist;
				LD_RUNPATH_SEARCH_PATHS = "$(inherited) @executable_path/Frameworks";
				PRODUCT_BUNDLE_IDENTIFIER = nickperkins.SwiftlyOutaTime;
				PRODUCT_NAME = SwiftlyOutaTime.temp_caseinsensitive_rename;
			};
			name = Release;
		};
/* End XCBuildConfiguration section */

/* Begin XCConfigurationList section */
		8C2566A21CE4F99300275241 /* Build configuration list for PBXProject "SwiftlyOutaTime" */ = {
			isa = XCConfigurationList;
			buildConfigurations = (
				8C2566B71CE4F99400275241 /* Debug */,
				8C2566B81CE4F99400275241 /* Release */,
			);
			defaultConfigurationIsVisible = 0;
			defaultConfigurationName = Release;
		};
		8C2566B91CE4F99400275241 /* Build configuration list for PBXNativeTarget "SwiftlyOutaTime" */ = {
			isa = XCConfigurationList;
			buildConfigurations = (
				8C2566BA1CE4F99400275241 /* Debug */,
				8C2566BB1CE4F99400275241 /* Release */,
			);
			defaultConfigurationIsVisible = 0;
			defaultConfigurationName = Release;
		};
/* End XCConfigurationList section */
	};
	rootObject = 8C25669F1CE4F99300275241 /* Project object */;
}
